
Microsoft Visual Studio Solution File, Format Version 12.00
# Visual Studio Version 17
VisualStudioVersion = 17.4.33213.308
MinimumVisualStudioVersion = 10.0.40219.1
Project("{FAE04EC0-301F-11D3-BF4B-00C04F79EFBC}") = "FragranceProject", "FragranceProject\FragranceProject.csproj", "{4E091840-18D9-4B08-AB09-A20AF683F0A5}"
EndProject
Global
	GlobalSection(SolutionConfigurationPlatforms) = preSolution
		Debug|Any CPU = Debug|Any CPU
		Release|Any CPU = Release|Any CPU
	EndGlobalSection
	GlobalSection(ProjectConfigurationPlatforms) = postSolution
		{4E091840-18D9-4B08-AB09-A20AF683F0A5}.Debug|Any CPU.ActiveCfg = Debug|Any CPU
		{4E091840-18D9-4B08-AB09-A20AF683F0A5}.Debug|Any CPU.Build.0 = Debug|Any CPU
		{4E091840-18D9-4B08-AB09-A20AF683F0A5}.Release|Any CPU.ActiveCfg = Release|Any CPU
		{4E091840-18D9-4B08-AB09-A20AF683F0A5}.Release|Any CPU.Build.0 = Release|Any CPU
	EndGlobalSection
	GlobalSection(SolutionProperties) = preSolution
		HideSolutionNode = FALSE
	EndGlobalSection
	GlobalSection(ExtensibilityGlobals) = postSolution
		SolutionGuid = {FF335050-EA2B-4131-B7E1-2820F66B5477}
	EndGlobalSection
EndGlobal
